
Microsoft Visual Studio Solution File, Format Version 12.00
# Visual Studio Version 17
VisualStudioVersion = 17.7.34018.315
MinimumVisualStudioVersion = 10.0.40219.1
Project("{FAE04EC0-301F-11D3-BF4B-00C04F79EFBC}") = "midterm_db_act_2", "midterm_db_act_2\midterm_db_act_2.csproj", "{BD494B86-56D1-4625-88B5-9C3204850213}"
EndProject
Global
	GlobalSection(SolutionConfigurationPlatforms) = preSolution
		Debug|Any CPU = Debug|Any CPU
		Release|Any CPU = Release|Any CPU
	EndGlobalSection
	GlobalSection(ProjectConfigurationPlatforms) = postSolution
		{BD494B86-56D1-4625-88B5-9C3204850213}.Debug|Any CPU.ActiveCfg = Debug|Any CPU
		{BD494B86-56D1-4625-88B5-9C3204850213}.Debug|Any CPU.Build.0 = Debug|Any CPU
		{BD494B86-56D1-4625-88B5-9C3204850213}.Release|Any CPU.ActiveCfg = Release|Any CPU
		{BD494B86-56D1-4625-88B5-9C3204850213}.Release|Any CPU.Build.0 = Release|Any CPU
	EndGlobalSection
	GlobalSection(SolutionProperties) = preSolution
		HideSolutionNode = FALSE
	EndGlobalSection
	GlobalSection(ExtensibilityGlobals) = postSolution
		SolutionGuid = {132257A8-5565-46AE-9962-114800CCF750}
	EndGlobalSection
EndGlobal
